
Microsoft Visual Studio Solution File, Format Version 12.00
# Visual Studio Version 17
VisualStudioVersion = 17.7.34221.43
MinimumVisualStudioVersion = 10.0.40219.1
Project("{9A19103F-16F7-4668-BE54-9A1E7A4F7556}") = "Reseptilotto", "Reseptilotto\Reseptilotto.csproj", "{B2E46D77-DB7B-4049-81E4-2EDA7C86ED73}"
EndProject
Global
	GlobalSection(SolutionConfigurationPlatforms) = preSolution
		Debug|Any CPU = Debug|Any CPU
		Release|Any CPU = Release|Any CPU
	EndGlobalSection
	GlobalSection(ProjectConfigurationPlatforms) = postSolution
		{B2E46D77-DB7B-4049-81E4-2EDA7C86ED73}.Debug|Any CPU.ActiveCfg = Debug|Any CPU
		{B2E46D77-DB7B-4049-81E4-2EDA7C86ED73}.Debug|Any CPU.Build.0 = Debug|Any CPU
		{B2E46D77-DB7B-4049-81E4-2EDA7C86ED73}.Release|Any CPU.ActiveCfg = Release|Any CPU
		{B2E46D77-DB7B-4049-81E4-2EDA7C86ED73}.Release|Any CPU.Build.0 = Release|Any CPU
	EndGlobalSection
	GlobalSection(SolutionProperties) = preSolution
		HideSolutionNode = FALSE
	EndGlobalSection
	GlobalSection(ExtensibilityGlobals) = postSolution
		SolutionGuid = {B6581373-C1AE-4BD8-9059-D7534FF50A4C}
	EndGlobalSection
EndGlobal
